// !$*UTF8*$!
{
	archiveVersion = 1;
	classes = {
	};
	objectVersion = 55;
	objects = {

/* Begin PBXBuildFile section */
		0904334929198E1F00C84AAF /* AppDelegate.swift in Sources */ = {isa = PBXBuildFile; fileRef = 0904334829198E1F00C84AAF /* AppDelegate.swift */; };
		0904334B29198E1F00C84AAF /* SceneDelegate.swift in Sources */ = {isa = PBXBuildFile; fileRef = 0904334A29198E1F00C84AAF /* SceneDelegate.swift */; };
		0904334D29198E1F00C84AAF /* AuthViewController.swift in Sources */ = {isa = PBXBuildFile; fileRef = 0904334C29198E1F00C84AAF /* AuthViewController.swift */; };
		0904335229198E2100C84AAF /* Assets.xcassets in Resources */ = {isa = PBXBuildFile; fileRef = 0904335129198E2100C84AAF /* Assets.xcassets */; };
		0904335529198E2100C84AAF /* LaunchScreen.storyboard in Resources */ = {isa = PBXBuildFile; fileRef = 0904335329198E2100C84AAF /* LaunchScreen.storyboard */; };
		0904335D291993D100C84AAF /* UIButton+Extension.swift in Sources */ = {isa = PBXBuildFile; fileRef = 0904335C291993D100C84AAF /* UIButton+Extension.swift */; };
		0904335F2919965800C84AAF /* UIFont+Extension.swift in Sources */ = {isa = PBXBuildFile; fileRef = 0904335E2919965800C84AAF /* UIFont+Extension.swift */; };
		090433612919970B00C84AAF /* UIColor+Extension.swift in Sources */ = {isa = PBXBuildFile; fileRef = 090433602919970B00C84AAF /* UIColor+Extension.swift */; };
		09043363291998C500C84AAF /* UILabel+Extension.swift in Sources */ = {isa = PBXBuildFile; fileRef = 09043362291998C500C84AAF /* UILabel+Extension.swift */; };
		0904336529199A3300C84AAF /* UIImageView+Extension.swift in Sources */ = {isa = PBXBuildFile; fileRef = 0904336429199A3300C84AAF /* UIImageView+Extension.swift */; };
		0904336929199EF500C84AAF /* ButtonFormView.swift in Sources */ = {isa = PBXBuildFile; fileRef = 0904336829199EF500C84AAF /* ButtonFormView.swift */; };
		0904336B2919A3F100C84AAF /* StackView+Extension.swift in Sources */ = {isa = PBXBuildFile; fileRef = 0904336A2919A3F100C84AAF /* StackView+Extension.swift */; };
		0904336D291A83D100C84AAF /* SignUpViewController.swift in Sources */ = {isa = PBXBuildFile; fileRef = 0904336C291A83D100C84AAF /* SignUpViewController.swift */; };
		0904336F291A865900C84AAF /* OneLineTextField.swift in Sources */ = {isa = PBXBuildFile; fileRef = 0904336E291A865900C84AAF /* OneLineTextField.swift */; };
		09043371291A8D4500C84AAF /* LoginViewController.swift in Sources */ = {isa = PBXBuildFile; fileRef = 09043370291A8D4500C84AAF /* LoginViewController.swift */; };
		09043373291A93AD00C84AAF /* SetupProfileViewController.swift in Sources */ = {isa = PBXBuildFile; fileRef = 09043372291A93AD00C84AAF /* SetupProfileViewController.swift */; };
		09043375291A970300C84AAF /* AddPhotoView.swift in Sources */ = {isa = PBXBuildFile; fileRef = 09043374291A970300C84AAF /* AddPhotoView.swift */; };
		09043377291AB18800C84AAF /* SegmentedControl+Extension.swift in Sources */ = {isa = PBXBuildFile; fileRef = 09043376291AB18800C84AAF /* SegmentedControl+Extension.swift */; };
		0904337B291AB8AF00C84AAF /* ListViewController.swift in Sources */ = {isa = PBXBuildFile; fileRef = 0904337A291AB8AF00C84AAF /* ListViewController.swift */; };
		0904337D291AB8E000C84AAF /* PeopleViewController.swift in Sources */ = {isa = PBXBuildFile; fileRef = 0904337C291AB8E000C84AAF /* PeopleViewController.swift */; };
		0904337F291AB8FE00C84AAF /* MainTabbarController.swift in Sources */ = {isa = PBXBuildFile; fileRef = 0904337E291AB8FE00C84AAF /* MainTabbarController.swift */; };
		09043381291AD88700C84AAF /* activeChats.json in Resources */ = {isa = PBXBuildFile; fileRef = 09043380291AD88700C84AAF /* activeChats.json */; };
		09043383291AD89000C84AAF /* waitingChats.json in Resources */ = {isa = PBXBuildFile; fileRef = 09043382291AD89000C84AAF /* waitingChats.json */; };
		09043385291AD8AA00C84AAF /* Bundle.swift in Sources */ = {isa = PBXBuildFile; fileRef = 09043384291AD8AA00C84AAF /* Bundle.swift */; };
		09043388291AF5CA00C84AAF /* ActiveChatCell.swift in Sources */ = {isa = PBXBuildFile; fileRef = 09043387291AF5CA00C84AAF /* ActiveChatCell.swift */; };
		0904338A291AFF5200C84AAF /* GradientView.swift in Sources */ = {isa = PBXBuildFile; fileRef = 09043389291AFF5200C84AAF /* GradientView.swift */; };
		0904338C291B01BC00C84AAF /* WaitingChatCell.swift in Sources */ = {isa = PBXBuildFile; fileRef = 0904338B291B01BC00C84AAF /* WaitingChatCell.swift */; };
		0904338E291B027400C84AAF /* SelfConfiguringCell.swift in Sources */ = {isa = PBXBuildFile; fileRef = 0904338D291B027400C84AAF /* SelfConfiguringCell.swift */; };
		09043391291B041300C84AAF /* SectionHeader.swift in Sources */ = {isa = PBXBuildFile; fileRef = 09043390291B041300C84AAF /* SectionHeader.swift */; };
		09AA9A0E291BE1B10018DC8C /* users.json in Resources */ = {isa = PBXBuildFile; fileRef = 09AA9A0D291BE1B10018DC8C /* users.json */; };
		09AA9A10291BE4850018DC8C /* MUser.swift in Sources */ = {isa = PBXBuildFile; fileRef = 09AA9A0F291BE4850018DC8C /* MUser.swift */; };
		09AA9A12291BE4950018DC8C /* MChat.swift in Sources */ = {isa = PBXBuildFile; fileRef = 09AA9A11291BE4950018DC8C /* MChat.swift */; };
		09AA9A15291BE9A70018DC8C /* UserCell.swift in Sources */ = {isa = PBXBuildFile; fileRef = 09AA9A14291BE9A70018DC8C /* UserCell.swift */; };
		09AA9A17291BEB470018DC8C /* UIViewController+Extension.swift in Sources */ = {isa = PBXBuildFile; fileRef = 09AA9A16291BEB470018DC8C /* UIViewController+Extension.swift */; };
		09AA9A19291C1FFE0018DC8C /* ProfileViewController.swift in Sources */ = {isa = PBXBuildFile; fileRef = 09AA9A18291C1FFE0018DC8C /* ProfileViewController.swift */; };
		09AA9A1B291C23A90018DC8C /* InsertableTextField.swift in Sources */ = {isa = PBXBuildFile; fileRef = 09AA9A1A291C23A90018DC8C /* InsertableTextField.swift */; };
		09AA9A1D291C257C0018DC8C /* UIVuew+Extension.swift in Sources */ = {isa = PBXBuildFile; fileRef = 09AA9A1C291C257C0018DC8C /* UIVuew+Extension.swift */; };
		09AA9A1F291C2C310018DC8C /* ChatRequestViewController.swift in Sources */ = {isa = PBXBuildFile; fileRef = 09AA9A1E291C2C310018DC8C /* ChatRequestViewController.swift */; };
		09AA9A25291C4B6C0018DC8C /* GoogleService-Info.plist in Resources */ = {isa = PBXBuildFile; fileRef = 09AA9A24291C4B6C0018DC8C /* GoogleService-Info.plist */; };
		09AA9A28291C52A70018DC8C /* AuthService.swift in Sources */ = {isa = PBXBuildFile; fileRef = 09AA9A27291C52A70018DC8C /* AuthService.swift */; };
		09AA9A2A291C579E0018DC8C /* Validators.swift in Sources */ = {isa = PBXBuildFile; fileRef = 09AA9A29291C579E0018DC8C /* Validators.swift */; };
		09AA9A2D291C57FA0018DC8C /* AuthError.swift in Sources */ = {isa = PBXBuildFile; fileRef = 09AA9A2C291C57FA0018DC8C /* AuthError.swift */; };
		09AA9A2F291D87EF0018DC8C /* AuthDelegate.swift in Sources */ = {isa = PBXBuildFile; fileRef = 09AA9A2E291D87EF0018DC8C /* AuthDelegate.swift */; };
		09AA9A31291D8A620018DC8C /* FirestoreService.swift in Sources */ = {isa = PBXBuildFile; fileRef = 09AA9A30291D8A620018DC8C /* FirestoreService.swift */; };
		09AA9A33291D8CFA0018DC8C /* UserError.swift in Sources */ = {isa = PBXBuildFile; fileRef = 09AA9A32291D8CFA0018DC8C /* UserError.swift */; };
		09AA9A3529202C5A0018DC8C /* StorageService.swift in Sources */ = {isa = PBXBuildFile; fileRef = 09AA9A3429202C5A0018DC8C /* StorageService.swift */; };
		09AA9A3729202E560018DC8C /* UIImage+Extension.swift in Sources */ = {isa = PBXBuildFile; fileRef = 09AA9A3629202E560018DC8C /* UIImage+Extension.swift */; };
		09AA9A3B292036700018DC8C /* ListenerService.swift in Sources */ = {isa = PBXBuildFile; fileRef = 09AA9A3A292036700018DC8C /* ListenerService.swift */; };
		09AA9A3D292042880018DC8C /* MMessage.swift in Sources */ = {isa = PBXBuildFile; fileRef = 09AA9A3C292042880018DC8C /* MMessage.swift */; };
		74D0FE69E646D9AD029C602B /* Pods_iChat.framework in Frameworks */ = {isa = PBXBuildFile; fileRef = B934F267AC9E799276DA768D /* Pods_iChat.framework */; };
/* End PBXBuildFile section */

/* Begin PBXFileReference section */
		0904334529198E1F00C84AAF /* iChat.app */ = {isa = PBXFileReference; explicitFileType = wrapper.application; includeInIndex = 0; path = iChat.app; sourceTree = BUILT_PRODUCTS_DIR; };
		0904334829198E1F00C84AAF /* AppDelegate.swift */ = {isa = PBXFileReference; lastKnownFileType = sourcecode.swift; path = AppDelegate.swift; sourceTree = "<group>"; };
		0904334A29198E1F00C84AAF /* SceneDelegate.swift */ = {isa = PBXFileReference; lastKnownFileType = sourcecode.swift; path = SceneDelegate.swift; sourceTree = "<group>"; };
		0904334C29198E1F00C84AAF /* AuthViewController.swift */ = {isa = PBXFileReference; lastKnownFileType = sourcecode.swift; path = AuthViewController.swift; sourceTree = "<group>"; };
		0904335129198E2100C84AAF /* Assets.xcassets */ = {isa = PBXFileReference; lastKnownFileType = folder.assetcatalog; path = Assets.xcassets; sourceTree = "<group>"; };
		0904335429198E2100C84AAF /* Base */ = {isa = PBXFileReference; lastKnownFileType = file.storyboard; name = Base; path = Base.lproj/LaunchScreen.storyboard; sourceTree = "<group>"; };
		0904335629198E2100C84AAF /* Info.plist */ = {isa = PBXFileReference; lastKnownFileType = text.plist.xml; path = Info.plist; sourceTree = "<group>"; };
		0904335C291993D100C84AAF /* UIButton+Extension.swift */ = {isa = PBXFileReference; lastKnownFileType = sourcecode.swift; path = "UIButton+Extension.swift"; sourceTree = "<group>"; };
		0904335E2919965800C84AAF /* UIFont+Extension.swift */ = {isa = PBXFileReference; lastKnownFileType = sourcecode.swift; path = "UIFont+Extension.swift"; sourceTree = "<group>"; };
		090433602919970B00C84AAF /* UIColor+Extension.swift */ = {isa = PBXFileReference; lastKnownFileType = sourcecode.swift; path = "UIColor+Extension.swift"; sourceTree = "<group>"; };
		09043362291998C500C84AAF /* UILabel+Extension.swift */ = {isa = PBXFileReference; lastKnownFileType = sourcecode.swift; path = "UILabel+Extension.swift"; sourceTree = "<group>"; };
		0904336429199A3300C84AAF /* UIImageView+Extension.swift */ = {isa = PBXFileReference; lastKnownFileType = sourcecode.swift; path = "UIImageView+Extension.swift"; sourceTree = "<group>"; };
		0904336829199EF500C84AAF /* ButtonFormView.swift */ = {isa = PBXFileReference; lastKnownFileType = sourcecode.swift; path = ButtonFormView.swift; sourceTree = "<group>"; };
		0904336A2919A3F100C84AAF /* StackView+Extension.swift */ = {isa = PBXFileReference; lastKnownFileType = sourcecode.swift; path = "StackView+Extension.swift"; sourceTree = "<group>"; };
		0904336C291A83D100C84AAF /* SignUpViewController.swift */ = {isa = PBXFileReference; lastKnownFileType = sourcecode.swift; path = SignUpViewController.swift; sourceTree = "<group>"; };
		0904336E291A865900C84AAF /* OneLineTextField.swift */ = {isa = PBXFileReference; lastKnownFileType = sourcecode.swift; path = OneLineTextField.swift; sourceTree = "<group>"; };
		09043370291A8D4500C84AAF /* LoginViewController.swift */ = {isa = PBXFileReference; lastKnownFileType = sourcecode.swift; path = LoginViewController.swift; sourceTree = "<group>"; };
		09043372291A93AD00C84AAF /* SetupProfileViewController.swift */ = {isa = PBXFileReference; lastKnownFileType = sourcecode.swift; path = SetupProfileViewController.swift; sourceTree = "<group>"; };
		09043374291A970300C84AAF /* AddPhotoView.swift */ = {isa = PBXFileReference; lastKnownFileType = sourcecode.swift; path = AddPhotoView.swift; sourceTree = "<group>"; };
		09043376291AB18800C84AAF /* SegmentedControl+Extension.swift */ = {isa = PBXFileReference; lastKnownFileType = sourcecode.swift; path = "SegmentedControl+Extension.swift"; sourceTree = "<group>"; };
		0904337A291AB8AF00C84AAF /* ListViewController.swift */ = {isa = PBXFileReference; lastKnownFileType = sourcecode.swift; path = ListViewController.swift; sourceTree = "<group>"; };
		0904337C291AB8E000C84AAF /* PeopleViewController.swift */ = {isa = PBXFileReference; lastKnownFileType = sourcecode.swift; path = PeopleViewController.swift; sourceTree = "<group>"; };
		0904337E291AB8FE00C84AAF /* MainTabbarController.swift */ = {isa = PBXFileReference; lastKnownFileType = sourcecode.swift; path = MainTabbarController.swift; sourceTree = "<group>"; };
		09043380291AD88700C84AAF /* activeChats.json */ = {isa = PBXFileReference; fileEncoding = 4; lastKnownFileType = text.json; path = activeChats.json; sourceTree = "<group>"; };
		09043382291AD89000C84AAF /* waitingChats.json */ = {isa = PBXFileReference; fileEncoding = 4; lastKnownFileType = text.json; path = waitingChats.json; sourceTree = "<group>"; };
		09043384291AD8AA00C84AAF /* Bundle.swift */ = {isa = PBXFileReference; lastKnownFileType = sourcecode.swift; path = Bundle.swift; sourceTree = "<group>"; };
		09043387291AF5CA00C84AAF /* ActiveChatCell.swift */ = {isa = PBXFileReference; lastKnownFileType = sourcecode.swift; path = ActiveChatCell.swift; sourceTree = "<group>"; };
		09043389291AFF5200C84AAF /* GradientView.swift */ = {isa = PBXFileReference; lastKnownFileType = sourcecode.swift; path = GradientView.swift; sourceTree = "<group>"; };
		0904338B291B01BC00C84AAF /* WaitingChatCell.swift */ = {isa = PBXFileReference; lastKnownFileType = sourcecode.swift; path = WaitingChatCell.swift; sourceTree = "<group>"; };
		0904338D291B027400C84AAF /* SelfConfiguringCell.swift */ = {isa = PBXFileReference; lastKnownFileType = sourcecode.swift; path = SelfConfiguringCell.swift; sourceTree = "<group>"; };
		09043390291B041300C84AAF /* SectionHeader.swift */ = {isa = PBXFileReference; lastKnownFileType = sourcecode.swift; path = SectionHeader.swift; sourceTree = "<group>"; };
		09AA9A0D291BE1B10018DC8C /* users.json */ = {isa = PBXFileReference; fileEncoding = 4; lastKnownFileType = text.json; path = users.json; sourceTree = "<group>"; };
		09AA9A0F291BE4850018DC8C /* MUser.swift */ = {isa = PBXFileReference; lastKnownFileType = sourcecode.swift; path = MUser.swift; sourceTree = "<group>"; };
		09AA9A11291BE4950018DC8C /* MChat.swift */ = {isa = PBXFileReference; lastKnownFileType = sourcecode.swift; path = MChat.swift; sourceTree = "<group>"; };
		09AA9A14291BE9A70018DC8C /* UserCell.swift */ = {isa = PBXFileReference; lastKnownFileType = sourcecode.swift; path = UserCell.swift; sourceTree = "<group>"; };
		09AA9A16291BEB470018DC8C /* UIViewController+Extension.swift */ = {isa = PBXFileReference; lastKnownFileType = sourcecode.swift; path = "UIViewController+Extension.swift"; sourceTree = "<group>"; };
		09AA9A18291C1FFE0018DC8C /* ProfileViewController.swift */ = {isa = PBXFileReference; lastKnownFileType = sourcecode.swift; path = ProfileViewController.swift; sourceTree = "<group>"; };
		09AA9A1A291C23A90018DC8C /* InsertableTextField.swift */ = {isa = PBXFileReference; lastKnownFileType = sourcecode.swift; path = InsertableTextField.swift; sourceTree = "<group>"; };
		09AA9A1C291C257C0018DC8C /* UIVuew+Extension.swift */ = {isa = PBXFileReference; lastKnownFileType = sourcecode.swift; path = "UIVuew+Extension.swift"; sourceTree = "<group>"; };
		09AA9A1E291C2C310018DC8C /* ChatRequestViewController.swift */ = {isa = PBXFileReference; lastKnownFileType = sourcecode.swift; path = ChatRequestViewController.swift; sourceTree = "<group>"; };
		09AA9A24291C4B6C0018DC8C /* GoogleService-Info.plist */ = {isa = PBXFileReference; fileEncoding = 4; lastKnownFileType = text.plist.xml; path = "GoogleService-Info.plist"; sourceTree = "<group>"; };
		09AA9A27291C52A70018DC8C /* AuthService.swift */ = {isa = PBXFileReference; lastKnownFileType = sourcecode.swift; path = AuthService.swift; sourceTree = "<group>"; };
		09AA9A29291C579E0018DC8C /* Validators.swift */ = {isa = PBXFileReference; lastKnownFileType = sourcecode.swift; path = Validators.swift; sourceTree = "<group>"; };
		09AA9A2C291C57FA0018DC8C /* AuthError.swift */ = {isa = PBXFileReference; lastKnownFileType = sourcecode.swift; path = AuthError.swift; sourceTree = "<group>"; };
		09AA9A2E291D87EF0018DC8C /* AuthDelegate.swift */ = {isa = PBXFileReference; lastKnownFileType = sourcecode.swift; path = AuthDelegate.swift; sourceTree = "<group>"; };
		09AA9A30291D8A620018DC8C /* FirestoreService.swift */ = {isa = PBXFileReference; lastKnownFileType = sourcecode.swift; path = FirestoreService.swift; sourceTree = "<group>"; };
		09AA9A32291D8CFA0018DC8C /* UserError.swift */ = {isa = PBXFileReference; lastKnownFileType = sourcecode.swift; path = UserError.swift; sourceTree = "<group>"; };
		09AA9A3429202C5A0018DC8C /* StorageService.swift */ = {isa = PBXFileReference; lastKnownFileType = sourcecode.swift; path = StorageService.swift; sourceTree = "<group>"; };
		09AA9A3629202E560018DC8C /* UIImage+Extension.swift */ = {isa = PBXFileReference; lastKnownFileType = sourcecode.swift; path = "UIImage+Extension.swift"; sourceTree = "<group>"; };
		09AA9A3A292036700018DC8C /* ListenerService.swift */ = {isa = PBXFileReference; lastKnownFileType = sourcecode.swift; path = ListenerService.swift; sourceTree = "<group>"; };
		09AA9A3C292042880018DC8C /* MMessage.swift */ = {isa = PBXFileReference; lastKnownFileType = sourcecode.swift; path = MMessage.swift; sourceTree = "<group>"; };
		3702BCFCF24A796CC01BC248 /* Pods-iChat.release.xcconfig */ = {isa = PBXFileReference; includeInIndex = 1; lastKnownFileType = text.xcconfig; name = "Pods-iChat.release.xcconfig"; path = "Target Support Files/Pods-iChat/Pods-iChat.release.xcconfig"; sourceTree = "<group>"; };
		B3A06D165E43217DCCC276C7 /* Pods-iChat.debug.xcconfig */ = {isa = PBXFileReference; includeInIndex = 1; lastKnownFileType = text.xcconfig; name = "Pods-iChat.debug.xcconfig"; path = "Target Support Files/Pods-iChat/Pods-iChat.debug.xcconfig"; sourceTree = "<group>"; };
		B934F267AC9E799276DA768D /* Pods_iChat.framework */ = {isa = PBXFileReference; explicitFileType = wrapper.framework; includeInIndex = 0; path = Pods_iChat.framework; sourceTree = BUILT_PRODUCTS_DIR; };
/* End PBXFileReference section */

/* Begin PBXFrameworksBuildPhase section */
		0904334229198E1F00C84AAF /* Frameworks */ = {
			isa = PBXFrameworksBuildPhase;
			buildActionMask = 2147483647;
			files = (
				74D0FE69E646D9AD029C602B /* Pods_iChat.framework in Frameworks */,
			);
			runOnlyForDeploymentPostprocessing = 0;
		};
/* End PBXFrameworksBuildPhase section */

/* Begin PBXGroup section */
		0904333C29198E1F00C84AAF = {
			isa = PBXGroup;
			children = (
				0904334729198E1F00C84AAF /* iChat */,
				0904334629198E1F00C84AAF /* Products */,
				62B774A712D9E22273ED7DD4 /* Pods */,
				390BBAA92579E0BE2EF7CB78 /* Frameworks */,
			);
			sourceTree = "<group>";
		};
		0904334629198E1F00C84AAF /* Products */ = {
			isa = PBXGroup;
			children = (
				0904334529198E1F00C84AAF /* iChat.app */,
			);
			name = Products;
			sourceTree = "<group>";
		};
		0904334729198E1F00C84AAF /* iChat */ = {
			isa = PBXGroup;
			children = (
				09AA9A0D291BE1B10018DC8C /* users.json */,
				09AA9A26291C52860018DC8C /* Services */,
				0904334829198E1F00C84AAF /* AppDelegate.swift */,
				0904334A29198E1F00C84AAF /* SceneDelegate.swift */,
				09AA9A2B291C57D00018DC8C /* Helpers */,
				09043379291AB89400C84AAF /* Controllers */,
				09043378291AB70200C84AAF /* SignInAuth */,
				0904338F291B029900C84AAF /* Protocols */,
				0904336629199BB700C84AAF /* Extensions */,
				0904335129198E2100C84AAF /* Assets.xcassets */,
				0904335329198E2100C84AAF /* LaunchScreen.storyboard */,
				0904335629198E2100C84AAF /* Info.plist */,
				09AA9A24291C4B6C0018DC8C /* GoogleService-Info.plist */,
			);
			path = iChat;
			sourceTree = "<group>";
		};
		0904336629199BB700C84AAF /* Extensions */ = {
			isa = PBXGroup;
			children = (
				09043389291AFF5200C84AAF /* GradientView.swift */,
				09043374291A970300C84AAF /* AddPhotoView.swift */,
				09AA9A1A291C23A90018DC8C /* InsertableTextField.swift */,
				09043384291AD8AA00C84AAF /* Bundle.swift */,
				0904336829199EF500C84AAF /* ButtonFormView.swift */,
				0904336E291A865900C84AAF /* OneLineTextField.swift */,
				0904336729199BC300C84AAF /* UIKit */,
			);
			path = Extensions;
			sourceTree = "<group>";
		};
		0904336729199BC300C84AAF /* UIKit */ = {
			isa = PBXGroup;
			children = (
				0904336A2919A3F100C84AAF /* StackView+Extension.swift */,
				0904335C291993D100C84AAF /* UIButton+Extension.swift */,
				09AA9A16291BEB470018DC8C /* UIViewController+Extension.swift */,
				0904336429199A3300C84AAF /* UIImageView+Extension.swift */,
				09AA9A3629202E560018DC8C /* UIImage+Extension.swift */,
				09AA9A1C291C257C0018DC8C /* UIVuew+Extension.swift */,
				09043376291AB18800C84AAF /* SegmentedControl+Extension.swift */,
				0904335E2919965800C84AAF /* UIFont+Extension.swift */,
				09043362291998C500C84AAF /* UILabel+Extension.swift */,
				090433602919970B00C84AAF /* UIColor+Extension.swift */,
				09043382291AD89000C84AAF /* waitingChats.json */,
				09043380291AD88700C84AAF /* activeChats.json */,
			);
			path = UIKit;
			sourceTree = "<group>";
		};
		09043378291AB70200C84AAF /* SignInAuth */ = {
			isa = PBXGroup;
			children = (
				0904334C29198E1F00C84AAF /* AuthViewController.swift */,
				0904336C291A83D100C84AAF /* SignUpViewController.swift */,
				09043370291A8D4500C84AAF /* LoginViewController.swift */,
				09043372291A93AD00C84AAF /* SetupProfileViewController.swift */,
			);
			path = SignInAuth;
			sourceTree = "<group>";
		};
		09043379291AB89400C84AAF /* Controllers */ = {
			isa = PBXGroup;
			children = (
				09043386291AF5BB00C84AAF /* cell */,
				0904337A291AB8AF00C84AAF /* ListViewController.swift */,
				09043390291B041300C84AAF /* SectionHeader.swift */,
				0904337C291AB8E000C84AAF /* PeopleViewController.swift */,
				09AA9A18291C1FFE0018DC8C /* ProfileViewController.swift */,
				09AA9A1E291C2C310018DC8C /* ChatRequestViewController.swift */,
				0904337E291AB8FE00C84AAF /* MainTabbarController.swift */,
			);
			path = Controllers;
			sourceTree = "<group>";
		};
		09043386291AF5BB00C84AAF /* cell */ = {
			isa = PBXGroup;
			children = (
				09043387291AF5CA00C84AAF /* ActiveChatCell.swift */,
				0904338B291B01BC00C84AAF /* WaitingChatCell.swift */,
				09AA9A14291BE9A70018DC8C /* UserCell.swift */,
			);
			path = cell;
			sourceTree = "<group>";
		};
		0904338F291B029900C84AAF /* Protocols */ = {
			isa = PBXGroup;
			children = (
				0904338D291B027400C84AAF /* SelfConfiguringCell.swift */,
				09AA9A2E291D87EF0018DC8C /* AuthDelegate.swift */,
			);
			path = Protocols;
			sourceTree = "<group>";
		};
		09AA9A13291BE4E50018DC8C /* Models */ = {
			isa = PBXGroup;
			children = (
				09AA9A0F291BE4850018DC8C /* MUser.swift */,
				09AA9A11291BE4950018DC8C /* MChat.swift */,
				09AA9A3C292042880018DC8C /* MMessage.swift */,
			);
			path = Models;
			sourceTree = "<group>";
		};
		09AA9A26291C52860018DC8C /* Services */ = {
			isa = PBXGroup;
			children = (
				09AA9A13291BE4E50018DC8C /* Models */,
				09AA9A27291C52A70018DC8C /* AuthService.swift */,
				09AA9A30291D8A620018DC8C /* FirestoreService.swift */,
				09AA9A3A292036700018DC8C /* ListenerService.swift */,
				09AA9A3429202C5A0018DC8C /* StorageService.swift */,
			);
			path = Services;
			sourceTree = "<group>";
		};
		09AA9A2B291C57D00018DC8C /* Helpers */ = {
			isa = PBXGroup;
			children = (
				09AA9A29291C579E0018DC8C /* Validators.swift */,
				09AA9A32291D8CFA0018DC8C /* UserError.swift */,
				09AA9A2C291C57FA0018DC8C /* AuthError.swift */,
			);
			path = Helpers;
			sourceTree = "<group>";
		};
		390BBAA92579E0BE2EF7CB78 /* Frameworks */ = {
			isa = PBXGroup;
			children = (
				B934F267AC9E799276DA768D /* Pods_iChat.framework */,
			);
			name = Frameworks;
			sourceTree = "<group>";
		};
		62B774A712D9E22273ED7DD4 /* Pods */ = {
			isa = PBXGroup;
			children = (
				B3A06D165E43217DCCC276C7 /* Pods-iChat.debug.xcconfig */,
				3702BCFCF24A796CC01BC248 /* Pods-iChat.release.xcconfig */,
			);
			path = Pods;
			sourceTree = "<group>";
		};
/* End PBXGroup section */

/* Begin PBXNativeTarget section */
		0904334429198E1F00C84AAF /* iChat */ = {
			isa = PBXNativeTarget;
			buildConfigurationList = 0904335929198E2100C84AAF /* Build configuration list for PBXNativeTarget "iChat" */;
			buildPhases = (
				5D83176344729B12C1CFBB14 /* [CP] Check Pods Manifest.lock */,
				0904334129198E1F00C84AAF /* Sources */,
				0904334229198E1F00C84AAF /* Frameworks */,
				0904334329198E1F00C84AAF /* Resources */,
				A5BDD1812C0ECA34B45E2C7B /* [CP] Embed Pods Frameworks */,
			);
			buildRules = (
			);
			dependencies = (
			);
			name = iChat;
			productName = iChat;
			productReference = 0904334529198E1F00C84AAF /* iChat.app */;
			productType = "com.apple.product-type.application";
		};
/* End PBXNativeTarget section */

/* Begin PBXProject section */
		0904333D29198E1F00C84AAF /* Project object */ = {
			isa = PBXProject;
			attributes = {
				BuildIndependentTargetsInParallel = 1;
				LastSwiftUpdateCheck = 1340;
				LastUpgradeCheck = 1340;
				TargetAttributes = {
					0904334429198E1F00C84AAF = {
						CreatedOnToolsVersion = 13.4.1;
					};
				};
			};
			buildConfigurationList = 0904334029198E1F00C84AAF /* Build configuration list for PBXProject "iChat" */;
			compatibilityVersion = "Xcode 13.0";
			developmentRegion = en;
			hasScannedForEncodings = 0;
			knownRegions = (
				en,
				Base,
			);
			mainGroup = 0904333C29198E1F00C84AAF;
			productRefGroup = 0904334629198E1F00C84AAF /* Products */;
			projectDirPath = "";
			projectRoot = "";
			targets = (
				0904334429198E1F00C84AAF /* iChat */,
			);
		};
/* End PBXProject section */

/* Begin PBXResourcesBuildPhase section */
		0904334329198E1F00C84AAF /* Resources */ = {
			isa = PBXResourcesBuildPhase;
			buildActionMask = 2147483647;
			files = (
				09AA9A0E291BE1B10018DC8C /* users.json in Resources */,
				0904335529198E2100C84AAF /* LaunchScreen.storyboard in Resources */,
				09043381291AD88700C84AAF /* activeChats.json in Resources */,
				0904335229198E2100C84AAF /* Assets.xcassets in Resources */,
				09043383291AD89000C84AAF /* waitingChats.json in Resources */,
				09AA9A25291C4B6C0018DC8C /* GoogleService-Info.plist in Resources */,
			);
			runOnlyForDeploymentPostprocessing = 0;
		};
/* End PBXResourcesBuildPhase section */

/* Begin PBXShellScriptBuildPhase section */
		5D83176344729B12C1CFBB14 /* [CP] Check Pods Manifest.lock */ = {
			isa = PBXShellScriptBuildPhase;
			buildActionMask = 2147483647;
			files = (
			);
			inputFileListPaths = (
			);
			inputPaths = (
				"${PODS_PODFILE_DIR_PATH}/Podfile.lock",
				"${PODS_ROOT}/Manifest.lock",
			);
			name = "[CP] Check Pods Manifest.lock";
			outputFileListPaths = (
			);
			outputPaths = (
				"$(DERIVED_FILE_DIR)/Pods-iChat-checkManifestLockResult.txt",
			);
			runOnlyForDeploymentPostprocessing = 0;
			shellPath = /bin/sh;
			shellScript = "diff \"${PODS_PODFILE_DIR_PATH}/Podfile.lock\" \"${PODS_ROOT}/Manifest.lock\" > /dev/null\nif [ $? != 0 ] ; then\n    # print error to STDERR\n    echo \"error: The sandbox is not in sync with the Podfile.lock. Run 'pod install' or update your CocoaPods installation.\" >&2\n    exit 1\nfi\n# This output is used by Xcode 'outputs' to avoid re-running this script phase.\necho \"SUCCESS\" > \"${SCRIPT_OUTPUT_FILE_0}\"\n";
			showEnvVarsInLog = 0;
		};
		A5BDD1812C0ECA34B45E2C7B /* [CP] Embed Pods Frameworks */ = {
			isa = PBXShellScriptBuildPhase;
			buildActionMask = 2147483647;
			files = (
			);
			inputFileListPaths = (
				"${PODS_ROOT}/Target Support Files/Pods-iChat/Pods-iChat-frameworks-${CONFIGURATION}-input-files.xcfilelist",
			);
			name = "[CP] Embed Pods Frameworks";
			outputFileListPaths = (
				"${PODS_ROOT}/Target Support Files/Pods-iChat/Pods-iChat-frameworks-${CONFIGURATION}-output-files.xcfilelist",
			);
			runOnlyForDeploymentPostprocessing = 0;
			shellPath = /bin/sh;
			shellScript = "\"${PODS_ROOT}/Target Support Files/Pods-iChat/Pods-iChat-frameworks.sh\"\n";
			showEnvVarsInLog = 0;
		};
/* End PBXShellScriptBuildPhase section */

/* Begin PBXSourcesBuildPhase section */
		0904334129198E1F00C84AAF /* Sources */ = {
			isa = PBXSourcesBuildPhase;
			buildActionMask = 2147483647;
			files = (
				09AA9A12291BE4950018DC8C /* MChat.swift in Sources */,
				0904337B291AB8AF00C84AAF /* ListViewController.swift in Sources */,
				0904337F291AB8FE00C84AAF /* MainTabbarController.swift in Sources */,
				09043391291B041300C84AAF /* SectionHeader.swift in Sources */,
				09AA9A17291BEB470018DC8C /* UIViewController+Extension.swift in Sources */,
				09AA9A3B292036700018DC8C /* ListenerService.swift in Sources */,
				09AA9A3529202C5A0018DC8C /* StorageService.swift in Sources */,
				0904338A291AFF5200C84AAF /* GradientView.swift in Sources */,
				09AA9A2D291C57FA0018DC8C /* AuthError.swift in Sources */,
				09043377291AB18800C84AAF /* SegmentedControl+Extension.swift in Sources */,
				0904336F291A865900C84AAF /* OneLineTextField.swift in Sources */,
				09AA9A10291BE4850018DC8C /* MUser.swift in Sources */,
				09043388291AF5CA00C84AAF /* ActiveChatCell.swift in Sources */,
				09AA9A1B291C23A90018DC8C /* InsertableTextField.swift in Sources */,
				0904336D291A83D100C84AAF /* SignUpViewController.swift in Sources */,
				0904334D29198E1F00C84AAF /* AuthViewController.swift in Sources */,
				09AA9A19291C1FFE0018DC8C /* ProfileViewController.swift in Sources */,
				09AA9A31291D8A620018DC8C /* FirestoreService.swift in Sources */,
				0904337D291AB8E000C84AAF /* PeopleViewController.swift in Sources */,
				09AA9A1F291C2C310018DC8C /* ChatRequestViewController.swift in Sources */,
				0904335D291993D100C84AAF /* UIButton+Extension.swift in Sources */,
				09AA9A2F291D87EF0018DC8C /* AuthDelegate.swift in Sources */,
				09043373291A93AD00C84AAF /* SetupProfileViewController.swift in Sources */,
				0904336529199A3300C84AAF /* UIImageView+Extension.swift in Sources */,
				0904336929199EF500C84AAF /* ButtonFormView.swift in Sources */,
				09AA9A33291D8CFA0018DC8C /* UserError.swift in Sources */,
				09043375291A970300C84AAF /* AddPhotoView.swift in Sources */,
				0904334929198E1F00C84AAF /* AppDelegate.swift in Sources */,
				09AA9A3D292042880018DC8C /* MMessage.swift in Sources */,
				09043385291AD8AA00C84AAF /* Bundle.swift in Sources */,
				09043363291998C500C84AAF /* UILabel+Extension.swift in Sources */,
				09AA9A3729202E560018DC8C /* UIImage+Extension.swift in Sources */,
				09AA9A15291BE9A70018DC8C /* UserCell.swift in Sources */,
				0904338E291B027400C84AAF /* SelfConfiguringCell.swift in Sources */,
				0904338C291B01BC00C84AAF /* WaitingChatCell.swift in Sources */,
				090433612919970B00C84AAF /* UIColor+Extension.swift in Sources */,
				0904335F2919965800C84AAF /* UIFont+Extension.swift in Sources */,
				0904334B29198E1F00C84AAF /* SceneDelegate.swift in Sources */,
				09043371291A8D4500C84AAF /* LoginViewController.swift in Sources */,
				09AA9A28291C52A70018DC8C /* AuthService.swift in Sources */,
				09AA9A1D291C257C0018DC8C /* UIVuew+Extension.swift in Sources */,
				09AA9A2A291C579E0018DC8C /* Validators.swift in Sources */,
				0904336B2919A3F100C84AAF /* StackView+Extension.swift in Sources */,
			);
			runOnlyForDeploymentPostprocessing = 0;
		};
/* End PBXSourcesBuildPhase section */

/* Begin PBXVariantGroup section */
		0904335329198E2100C84AAF /* LaunchScreen.storyboard */ = {
			isa = PBXVariantGroup;
			children = (
				0904335429198E2100C84AAF /* Base */,
			);
			name = LaunchScreen.storyboard;
			sourceTree = "<group>";
		};
/* End PBXVariantGroup section */

/* Begin XCBuildConfiguration section */
		0904335729198E2100C84AAF /* Debug */ = {
			isa = XCBuildConfiguration;
			buildSettings = {
				ALWAYS_SEARCH_USER_PATHS = NO;
				CLANG_ANALYZER_NONNULL = YES;
				CLANG_ANALYZER_NUMBER_OBJECT_CONVERSION = YES_AGGRESSIVE;
				CLANG_CXX_LANGUAGE_STANDARD = "gnu++17";
				CLANG_ENABLE_MODULES = YES;
				CLANG_ENABLE_OBJC_ARC = YES;
				CLANG_ENABLE_OBJC_WEAK = YES;
				CLANG_WARN_BLOCK_CAPTURE_AUTORELEASING = YES;
				CLANG_WARN_BOOL_CONVERSION = YES;
				CLANG_WARN_COMMA = YES;
				CLANG_WARN_CONSTANT_CONVERSION = YES;
				CLANG_WARN_DEPRECATED_OBJC_IMPLEMENTATIONS = YES;
				CLANG_WARN_DIRECT_OBJC_ISA_USAGE = YES_ERROR;
				CLANG_WARN_DOCUMENTATION_COMMENTS = YES;
				CLANG_WARN_EMPTY_BODY = YES;
				CLANG_WARN_ENUM_CONVERSION = YES;
				CLANG_WARN_INFINITE_RECURSION = YES;
				CLANG_WARN_INT_CONVERSION = YES;
				CLANG_WARN_NON_LITERAL_NULL_CONVERSION = YES;
				CLANG_WARN_OBJC_IMPLICIT_RETAIN_SELF = YES;
				CLANG_WARN_OBJC_LITERAL_CONVERSION = YES;
				CLANG_WARN_OBJC_ROOT_CLASS = YES_ERROR;
				CLANG_WARN_QUOTED_INCLUDE_IN_FRAMEWORK_HEADER = YES;
				CLANG_WARN_RANGE_LOOP_ANALYSIS = YES;
				CLANG_WARN_STRICT_PROTOTYPES = YES;
				CLANG_WARN_SUSPICIOUS_MOVE = YES;
				CLANG_WARN_UNGUARDED_AVAILABILITY = YES_AGGRESSIVE;
				CLANG_WARN_UNREACHABLE_CODE = YES;
				CLANG_WARN__DUPLICATE_METHOD_MATCH = YES;
				COPY_PHASE_STRIP = NO;
				DEBUG_INFORMATION_FORMAT = dwarf;
				ENABLE_STRICT_OBJC_MSGSEND = YES;
				ENABLE_TESTABILITY = YES;
				GCC_C_LANGUAGE_STANDARD = gnu11;
				GCC_DYNAMIC_NO_PIC = NO;
				GCC_NO_COMMON_BLOCKS = YES;
				GCC_OPTIMIZATION_LEVEL = 0;
				GCC_PREPROCESSOR_DEFINITIONS = (
					"DEBUG=1",
					"$(inherited)",
				);
				GCC_WARN_64_TO_32_BIT_CONVERSION = YES;
				GCC_WARN_ABOUT_RETURN_TYPE = YES_ERROR;
				GCC_WARN_UNDECLARED_SELECTOR = YES;
				GCC_WARN_UNINITIALIZED_AUTOS = YES_AGGRESSIVE;
				GCC_WARN_UNUSED_FUNCTION = YES;
				GCC_WARN_UNUSED_VARIABLE = YES;
				IPHONEOS_DEPLOYMENT_TARGET = 15.5;
				MTL_ENABLE_DEBUG_INFO = INCLUDE_SOURCE;
				MTL_FAST_MATH = YES;
				ONLY_ACTIVE_ARCH = YES;
				SDKROOT = iphoneos;
				SWIFT_ACTIVE_COMPILATION_CONDITIONS = DEBUG;
				SWIFT_OPTIMIZATION_LEVEL = "-Onone";
			};
			name = Debug;
		};
		0904335829198E2100C84AAF /* Release */ = {
			isa = XCBuildConfiguration;
			buildSettings = {
				ALWAYS_SEARCH_USER_PATHS = NO;
				CLANG_ANALYZER_NONNULL = YES;
				CLANG_ANALYZER_NUMBER_OBJECT_CONVERSION = YES_AGGRESSIVE;
				CLANG_CXX_LANGUAGE_STANDARD = "gnu++17";
				CLANG_ENABLE_MODULES = YES;
				CLANG_ENABLE_OBJC_ARC = YES;
				CLANG_ENABLE_OBJC_WEAK = YES;
				CLANG_WARN_BLOCK_CAPTURE_AUTORELEASING = YES;
				CLANG_WARN_BOOL_CONVERSION = YES;
				CLANG_WARN_COMMA = YES;
				CLANG_WARN_CONSTANT_CONVERSION = YES;
				CLANG_WARN_DEPRECATED_OBJC_IMPLEMENTATIONS = YES;
				CLANG_WARN_DIRECT_OBJC_ISA_USAGE = YES_ERROR;
				CLANG_WARN_DOCUMENTATION_COMMENTS = YES;
				CLANG_WARN_EMPTY_BODY = YES;
				CLANG_WARN_ENUM_CONVERSION = YES;
				CLANG_WARN_INFINITE_RECURSION = YES;
				CLANG_WARN_INT_CONVERSION = YES;
				CLANG_WARN_NON_LITERAL_NULL_CONVERSION = YES;
				CLANG_WARN_OBJC_IMPLICIT_RETAIN_SELF = YES;
				CLANG_WARN_OBJC_LITERAL_CONVERSION = YES;
				CLANG_WARN_OBJC_ROOT_CLASS = YES_ERROR;
				CLANG_WARN_QUOTED_INCLUDE_IN_FRAMEWORK_HEADER = YES;
				CLANG_WARN_RANGE_LOOP_ANALYSIS = YES;
				CLANG_WARN_STRICT_PROTOTYPES = YES;
				CLANG_WARN_SUSPICIOUS_MOVE = YES;
				CLANG_WARN_UNGUARDED_AVAILABILITY = YES_AGGRESSIVE;
				CLANG_WARN_UNREACHABLE_CODE = YES;
				CLANG_WARN__DUPLICATE_METHOD_MATCH = YES;
				COPY_PHASE_STRIP = NO;
				DEBUG_INFORMATION_FORMAT = "dwarf-with-dsym";
				ENABLE_NS_ASSERTIONS = NO;
				ENABLE_STRICT_OBJC_MSGSEND = YES;
				GCC_C_LANGUAGE_STANDARD = gnu11;
				GCC_NO_COMMON_BLOCKS = YES;
				GCC_WARN_64_TO_32_BIT_CONVERSION = YES;
				GCC_WARN_ABOUT_RETURN_TYPE = YES_ERROR;
				GCC_WARN_UNDECLARED_SELECTOR = YES;
				GCC_WARN_UNINITIALIZED_AUTOS = YES_AGGRESSIVE;
				GCC_WARN_UNUSED_FUNCTION = YES;
				GCC_WARN_UNUSED_VARIABLE = YES;
				IPHONEOS_DEPLOYMENT_TARGET = 15.5;
				MTL_ENABLE_DEBUG_INFO = NO;
				MTL_FAST_MATH = YES;
				SDKROOT = iphoneos;
				SWIFT_COMPILATION_MODE = wholemodule;
				SWIFT_OPTIMIZATION_LEVEL = "-O";
				VALIDATE_PRODUCT = YES;
			};
			name = Release;
		};
		0904335A29198E2100C84AAF /* Debug */ = {
			isa = XCBuildConfiguration;
			baseConfigurationReference = B3A06D165E43217DCCC276C7 /* Pods-iChat.debug.xcconfig */;
			buildSettings = {
				ASSETCATALOG_COMPILER_APPICON_NAME = AppIcon;
				ASSETCATALOG_COMPILER_GLOBAL_ACCENT_COLOR_NAME = AccentColor;
				CODE_SIGN_STYLE = Automatic;
				CURRENT_PROJECT_VERSION = 1;
				GENERATE_INFOPLIST_FILE = YES;
				INFOPLIST_FILE = iChat/Info.plist;
				INFOPLIST_KEY_UIApplicationSupportsIndirectInputEvents = YES;
				INFOPLIST_KEY_UILaunchStoryboardName = LaunchScreen;
				INFOPLIST_KEY_UISupportedInterfaceOrientations_iPad = "UIInterfaceOrientationPortrait UIInterfaceOrientationPortraitUpsideDown UIInterfaceOrientationLandscapeLeft UIInterfaceOrientationLandscapeRight";
				INFOPLIST_KEY_UISupportedInterfaceOrientations_iPhone = "UIInterfaceOrientationPortrait UIInterfaceOrientationLandscapeLeft UIInterfaceOrientationLandscapeRight";
				LD_RUNPATH_SEARCH_PATHS = (
					"$(inherited)",
					"@executable_path/Frameworks",
				);
				MARKETING_VERSION = 1.0;
				PRODUCT_BUNDLE_IDENTIFIER = com.ikustow.iChat;
				PRODUCT_NAME = "$(TARGET_NAME)";
				SWIFT_EMIT_LOC_STRINGS = YES;
				SWIFT_VERSION = 5.0;
				TARGETED_DEVICE_FAMILY = "1,2";
			};
			name = Debug;
		};
		0904335B29198E2100C84AAF /* Release */ = {
			isa = XCBuildConfiguration;
			baseConfigurationReference = 3702BCFCF24A796CC01BC248 /* Pods-iChat.release.xcconfig */;
			buildSettings = {
				ASSETCATALOG_COMPILER_APPICON_NAME = AppIcon;
				ASSETCATALOG_COMPILER_GLOBAL_ACCENT_COLOR_NAME = AccentColor;
				CODE_SIGN_STYLE = Automatic;
				CURRENT_PROJECT_VERSION = 1;
				GENERATE_INFOPLIST_FILE = YES;
				INFOPLIST_FILE = iChat/Info.plist;
				INFOPLIST_KEY_UIApplicationSupportsIndirectInputEvents = YES;
				INFOPLIST_KEY_UILaunchStoryboardName = LaunchScreen;
				INFOPLIST_KEY_UISupportedInterfaceOrientations_iPad = "UIInterfaceOrientationPortrait UIInterfaceOrientationPortraitUpsideDown UIInterfaceOrientationLandscapeLeft UIInterfaceOrientationLandscapeRight";
				INFOPLIST_KEY_UISupportedInterfaceOrientations_iPhone = "UIInterfaceOrientationPortrait UIInterfaceOrientationLandscapeLeft UIInterfaceOrientationLandscapeRight";
				LD_RUNPATH_SEARCH_PATHS = (
					"$(inherited)",
					"@executable_path/Frameworks",
				);
				MARKETING_VERSION = 1.0;
				PRODUCT_BUNDLE_IDENTIFIER = com.ikustow.iChat;
				PRODUCT_NAME = "$(TARGET_NAME)";
				SWIFT_EMIT_LOC_STRINGS = YES;
				SWIFT_VERSION = 5.0;
				TARGETED_DEVICE_FAMILY = "1,2";
			};
			name = Release;
		};
/* End XCBuildConfiguration section */

/* Begin XCConfigurationList section */
		0904334029198E1F00C84AAF /* Build configuration list for PBXProject "iChat" */ = {
			isa = XCConfigurationList;
			buildConfigurations = (
				0904335729198E2100C84AAF /* Debug */,
				0904335829198E2100C84AAF /* Release */,
			);
			defaultConfigurationIsVisible = 0;
			defaultConfigurationName = Release;
		};
		0904335929198E2100C84AAF /* Build configuration list for PBXNativeTarget "iChat" */ = {
			isa = XCConfigurationList;
			buildConfigurations = (
				0904335A29198E2100C84AAF /* Debug */,
				0904335B29198E2100C84AAF /* Release */,
			);
			defaultConfigurationIsVisible = 0;
			defaultConfigurationName = Release;
		};
/* End XCConfigurationList section */
	};
	rootObject = 0904333D29198E1F00C84AAF /* Project object */;
}
